// !$*UTF8*$!
{
	archiveVersion = 1;
	classes = {
	};
	objectVersion = 46;
	objects = {

/* Begin PBXBuildFile section */
		1D00ED6614BDE72D00929E5C /* UPCActivityView.xib in Resources */ = {isa = PBXBuildFile; fileRef = 1D00ED6514BDE72D00929E5C /* UPCActivityView.xib */; };
		1D00ED6914BDE76A00929E5C /* UPCActivityViewController.m in Sources */ = {isa = PBXBuildFile; fileRef = 1D00ED6814BDE76A00929E5C /* UPCActivityViewController.m */; };
		1D00ED6C14BDF00700929E5C /* ASNote+Description.m in Sources */ = {isa = PBXBuildFile; fileRef = 1D00ED6B14BDF00700929E5C /* ASNote+Description.m */; };
		1D00ED6F14BDF09900929E5C /* ASComment+Description.m in Sources */ = {isa = PBXBuildFile; fileRef = 1D00ED6E14BDF09900929E5C /* ASComment+Description.m */; };
		1D00ED7214BDF15C00929E5C /* ASActivity+Description.m in Sources */ = {isa = PBXBuildFile; fileRef = 1D00ED7114BDF15C00929E5C /* ASActivity+Description.m */; };
		1D105FDC149A15D80023D668 /* ASObject.m in Sources */ = {isa = PBXBuildFile; fileRef = 1D105FDB149A15D80023D668 /* ASObject.m */; };
		1D105FDF149A15F60023D668 /* ASPerson.m in Sources */ = {isa = PBXBuildFile; fileRef = 1D105FDE149A15F60023D668 /* ASPerson.m */; };
		1D105FE2149A179B0023D668 /* ASNote.m in Sources */ = {isa = PBXBuildFile; fileRef = 1D105FE1149A179B0023D668 /* ASNote.m */; };
		1D105FE5149A192A0023D668 /* ASActivity.m in Sources */ = {isa = PBXBuildFile; fileRef = 1D105FE4149A192A0023D668 /* ASActivity.m */; };
		1D105FE8149A1BBF0023D668 /* ASMediaLink.m in Sources */ = {isa = PBXBuildFile; fileRef = 1D105FE7149A1BBE0023D668 /* ASMediaLink.m */; };
		1D105FED149A1FFF0023D668 /* ASActivityTest.m in Sources */ = {isa = PBXBuildFile; fileRef = 1D105FEC149A1FFF0023D668 /* ASActivityTest.m */; };
		1D26416314B9CB8C0094728F /* UPCPostActivityView.xib in Resources */ = {isa = PBXBuildFile; fileRef = 1D26416214B9CB8C0094728F /* UPCPostActivityView.xib */; };
		1D26416714B9CD1D0094728F /* UPCPostActivityViewController.m in Sources */ = {isa = PBXBuildFile; fileRef = 1D26416614B9CD1D0094728F /* UPCPostActivityViewController.m */; };
		1D26416A14B9DB4E0094728F /* UPCTimelineNavigationController.m in Sources */ = {isa = PBXBuildFile; fileRef = 1D26416914B9DB4D0094728F /* UPCTimelineNavigationController.m */; };
		1D26416D14B9E2C10094728F /* UPCPostActivityViewNotifications.m in Sources */ = {isa = PBXBuildFile; fileRef = 1D26416C14B9E2C00094728F /* UPCPostActivityViewNotifications.m */; };
		1D26417014B9FAD40094728F /* UPCPostActivitySerializationMappingTest.m in Sources */ = {isa = PBXBuildFile; fileRef = 1D26416F14B9FAD30094728F /* UPCPostActivitySerializationMappingTest.m */; };
		1D3F338B149B5DB50032CD09 /* timeline.json in Resources */ = {isa = PBXBuildFile; fileRef = 1D3F338A149B5DB50032CD09 /* timeline.json */; };
		1D3F338E149B61590032CD09 /* UPCRestKitConfigurator.m in Sources */ = {isa = PBXBuildFile; fileRef = 1D3F338D149B61590032CD09 /* UPCRestKitConfigurator.m */; };
		1D3F3393149B692C0032CD09 /* timeline.post.json in Resources */ = {isa = PBXBuildFile; fileRef = 1D3F3392149B692B0032CD09 /* timeline.post.json */; };
		1D3F3397149B69F50032CD09 /* UPCRKJSonParser.m in Sources */ = {isa = PBXBuildFile; fileRef = 1D3F3396149B69F50032CD09 /* UPCRKJSonParser.m */; };
		1D3F339B149B6D9D0032CD09 /* UPCPostActivityMappingTest.m in Sources */ = {isa = PBXBuildFile; fileRef = 1D3F339A149B6D9D0032CD09 /* UPCPostActivityMappingTest.m */; };
		1D586E6F14975EB8004A5E92 /* UIKit.framework in Frameworks */ = {isa = PBXBuildFile; fileRef = 1D586E6E14975EB8004A5E92 /* UIKit.framework */; };
		1D586E7114975EB8004A5E92 /* Foundation.framework in Frameworks */ = {isa = PBXBuildFile; fileRef = 1D586E7014975EB8004A5E92 /* Foundation.framework */; };
		1D586E7314975EB8004A5E92 /* CoreGraphics.framework in Frameworks */ = {isa = PBXBuildFile; fileRef = 1D586E7214975EB8004A5E92 /* CoreGraphics.framework */; };
		1D586E9B14975EB9004A5E92 /* SenTestingKit.framework in Frameworks */ = {isa = PBXBuildFile; fileRef = 1D586E9A14975EB9004A5E92 /* SenTestingKit.framework */; };
		1D586E9C14975EB9004A5E92 /* UIKit.framework in Frameworks */ = {isa = PBXBuildFile; fileRef = 1D586E6E14975EB8004A5E92 /* UIKit.framework */; };
		1D586E9D14975EB9004A5E92 /* Foundation.framework in Frameworks */ = {isa = PBXBuildFile; fileRef = 1D586E7014975EB8004A5E92 /* Foundation.framework */; };
		1D586ECA14976099004A5E92 /* UPCAppDelegate.m in Sources */ = {isa = PBXBuildFile; fileRef = 1D586EB414976099004A5E92 /* UPCAppDelegate.m */; };
		1D586ECC14976099004A5E92 /* UPCSecondViewController.m in Sources */ = {isa = PBXBuildFile; fileRef = 1D586EB914976099004A5E92 /* UPCSecondViewController.m */; };
		1D586ECD14976099004A5E92 /* first.png in Resources */ = {isa = PBXBuildFile; fileRef = 1D586EC114976099004A5E92 /* first.png */; };
		1D586ECE14976099004A5E92 /* first@2x.png in Resources */ = {isa = PBXBuildFile; fileRef = 1D586EC214976099004A5E92 /* first@2x.png */; };
		1D586ECF14976099004A5E92 /* second.png in Resources */ = {isa = PBXBuildFile; fileRef = 1D586EC314976099004A5E92 /* second.png */; };
		1D586ED014976099004A5E92 /* second@2x.png in Resources */ = {isa = PBXBuildFile; fileRef = 1D586EC414976099004A5E92 /* second@2x.png */; };
		1D586ED214976099004A5E92 /* UPCSecondViewController.xib in Resources */ = {isa = PBXBuildFile; fileRef = 1D586EC914976099004A5E92 /* UPCSecondViewController.xib */; };
		1D586ED7149760CA004A5E92 /* InfoPlist.strings in Resources */ = {isa = PBXBuildFile; fileRef = 1D586ED3149760CA004A5E92 /* InfoPlist.strings */; };
		1D586ED9149760CA004A5E92 /* main.m in Sources */ = {isa = PBXBuildFile; fileRef = 1D586ED6149760CA004A5E92 /* main.m */; };
		1D586EE0149761AA004A5E92 /* InfoPlist.strings in Resources */ = {isa = PBXBuildFile; fileRef = 1D586EDE149761AA004A5E92 /* InfoPlist.strings */; };
		1D586F39149764DC004A5E92 /* UPCiSomUPC.xib in Resources */ = {isa = PBXBuildFile; fileRef = 1D586F38149764DC004A5E92 /* UPCiSomUPC.xib */; };
		1D586F3F14976C9C004A5E92 /* libFlurryAnalytics.a in Frameworks */ = {isa = PBXBuildFile; fileRef = 1D586F3E14976C9C004A5E92 /* libFlurryAnalytics.a */; };
		1D586F471497723F004A5E92 /* libKiwi.a in Frameworks */ = {isa = PBXBuildFile; fileRef = 1D586F461497723F004A5E92 /* libKiwi.a */; };
		1D586F4C14977EA9004A5E92 /* libRestKit.a in Frameworks */ = {isa = PBXBuildFile; fileRef = 1D586F4B14977EA9004A5E92 /* libRestKit.a */; };
		1D586F4E14977EB4004A5E92 /* CFNetwork.framework in Frameworks */ = {isa = PBXBuildFile; fileRef = 1D586F4D14977EB4004A5E92 /* CFNetwork.framework */; };
		1D586F5014977EC3004A5E92 /* CoreData.framework in Frameworks */ = {isa = PBXBuildFile; fileRef = 1D586F4F14977EC3004A5E92 /* CoreData.framework */; };
		1D586F5214977ED0004A5E92 /* Security.framework in Frameworks */ = {isa = PBXBuildFile; fileRef = 1D586F5114977ED0004A5E92 /* Security.framework */; };
		1D586F5414977EDD004A5E92 /* MobileCoreServices.framework in Frameworks */ = {isa = PBXBuildFile; fileRef = 1D586F5314977EDD004A5E92 /* MobileCoreServices.framework */; };
		1D586F5614977EEC004A5E92 /* SystemConfiguration.framework in Frameworks */ = {isa = PBXBuildFile; fileRef = 1D586F5514977EEB004A5E92 /* SystemConfiguration.framework */; };
		1D586F5814977EFA004A5E92 /* libxml2.dylib in Frameworks */ = {isa = PBXBuildFile; fileRef = 1D586F5714977EFA004A5E92 /* libxml2.dylib */; };
		1D586F891498AE22004A5E92 /* UPCTimelineView.xib in Resources */ = {isa = PBXBuildFile; fileRef = 1D586F881498AE22004A5E92 /* UPCTimelineView.xib */; };
		1D586F8C1498AECF004A5E92 /* UPCTimelineViewController.m in Sources */ = {isa = PBXBuildFile; fileRef = 1D586F8B1498AECF004A5E92 /* UPCTimelineViewController.m */; };
		1DC29D4314A0968C00A35D17 /* timeline.post.invalid-date.json in Resources */ = {isa = PBXBuildFile; fileRef = 1DC29D4014A095F300A35D17 /* timeline.post.invalid-date.json */; };
		1DC29D4614A096FF00A35D17 /* UPCDateMappingTest.m in Sources */ = {isa = PBXBuildFile; fileRef = 1DC29D4514A096FF00A35D17 /* UPCDateMappingTest.m */; };
		1DC29D4914A0980E00A35D17 /* UPCFollowActivityMappingTest.m in Sources */ = {isa = PBXBuildFile; fileRef = 1DC29D4814A0980E00A35D17 /* UPCFollowActivityMappingTest.m */; };
		1DC29D4B14A0983E00A35D17 /* timeline.follow.json in Resources */ = {isa = PBXBuildFile; fileRef = 1DC29D4A14A0983E00A35D17 /* timeline.follow.json */; };
		1DC29D5514A0A03E00A35D17 /* blackArrow.png in Resources */ = {isa = PBXBuildFile; fileRef = 1DC29D4D14A0A03E00A35D17 /* blackArrow.png */; };
		1DC29D5614A0A03E00A35D17 /* blackArrow@2x.png in Resources */ = {isa = PBXBuildFile; fileRef = 1DC29D4E14A0A03E00A35D17 /* blackArrow@2x.png */; };
		1DC29D5714A0A03E00A35D17 /* blueArrow.png in Resources */ = {isa = PBXBuildFile; fileRef = 1DC29D4F14A0A03E00A35D17 /* blueArrow.png */; };
		1DC29D5814A0A03E00A35D17 /* blueArrow@2x.png in Resources */ = {isa = PBXBuildFile; fileRef = 1DC29D5014A0A03E00A35D17 /* blueArrow@2x.png */; };
		1DC29D5914A0A03E00A35D17 /* grayArrow.png in Resources */ = {isa = PBXBuildFile; fileRef = 1DC29D5114A0A03E00A35D17 /* grayArrow.png */; };
		1DC29D5A14A0A03E00A35D17 /* grayArrow@2x.png in Resources */ = {isa = PBXBuildFile; fileRef = 1DC29D5214A0A03E00A35D17 /* grayArrow@2x.png */; };
		1DC29D5B14A0A03E00A35D17 /* whiteArrow.png in Resources */ = {isa = PBXBuildFile; fileRef = 1DC29D5314A0A03E00A35D17 /* whiteArrow.png */; };
		1DC29D5C14A0A03E00A35D17 /* whiteArrow@2x.png in Resources */ = {isa = PBXBuildFile; fileRef = 1DC29D5414A0A03E00A35D17 /* whiteArrow@2x.png */; };
		1DC29D6014A0A06E00A35D17 /* EGORefreshTableHeaderView.m in Sources */ = {isa = PBXBuildFile; fileRef = 1DC29D5F14A0A06E00A35D17 /* EGORefreshTableHeaderView.m */; settings = {COMPILER_FLAGS = "-fno-objc-arc"; }; };
		1DC29D6214A0A2A700A35D17 /* QuartzCore.framework in Frameworks */ = {isa = PBXBuildFile; fileRef = 1DC29D6114A0A2A700A35D17 /* QuartzCore.framework */; };
		1DC29D6914A0B0AB00A35D17 /* UPCMaxConnector.m in Sources */ = {isa = PBXBuildFile; fileRef = 1DC29D6814A0B0AB00A35D17 /* UPCMaxConnector.m */; };
		1DC29D6C14A0B0CD00A35D17 /* UPCMaxNotifications.m in Sources */ = {isa = PBXBuildFile; fileRef = 1DC29D6B14A0B0CD00A35D17 /* UPCMaxNotifications.m */; };
		1DC29D6F14A0D3B000A35D17 /* UPCMaxConnectorTest.m in Sources */ = {isa = PBXBuildFile; fileRef = 1DC29D6E14A0D3AF00A35D17 /* UPCMaxConnectorTest.m */; };
		1DDC60A514BD89F800A6C6A1 /* ASComment.m in Sources */ = {isa = PBXBuildFile; fileRef = 1DDC60A414BD89F800A6C6A1 /* ASComment.m */; };
		1DDC60A814BDB1F500A6C6A1 /* timeline.comment.json in Resources */ = {isa = PBXBuildFile; fileRef = 1DDC60A714BDB1F500A6C6A1 /* timeline.comment.json */; };
		1DDC60AB14BDB34800A6C6A1 /* UPCCommentActivityMappingTest.m in Sources */ = {isa = PBXBuildFile; fileRef = 1DDC60AA14BDB34800A6C6A1 /* UPCCommentActivityMappingTest.m */; };
		1DFCCD4314BEFA1200F35F9D /* UPCTimelineViewNotifications.m in Sources */ = {isa = PBXBuildFile; fileRef = 1DFCCD4214BEFA1200F35F9D /* UPCTimelineViewNotifications.m */; };
		1DFCCD5314BF016100F35F9D /* UPCCommentView.xib in Resources */ = {isa = PBXBuildFile; fileRef = 1DFCCD5214BF016100F35F9D /* UPCCommentView.xib */; };
		1DFCCD5614BF03FF00F35F9D /* UPCCommentView.m in Sources */ = {isa = PBXBuildFile; fileRef = 1DFCCD5514BF03FF00F35F9D /* UPCCommentView.m */; };
/* End PBXBuildFile section */

/* Begin PBXContainerItemProxy section */
		1D586E9E14975EB9004A5E92 /* PBXContainerItemProxy */ = {
			isa = PBXContainerItemProxy;
			containerPortal = 1D586E6114975EB8004A5E92 /* Project object */;
			proxyType = 1;
			remoteGlobalIDString = 1D586E6914975EB8004A5E92;
			remoteInfo = iSomUPC;
		};
/* End PBXContainerItemProxy section */

/* Begin PBXFileReference section */
		1D00ED6514BDE72D00929E5C /* UPCActivityView.xib */ = {isa = PBXFileReference; fileEncoding = 4; lastKnownFileType = file.xib; path = UPCActivityView.xib; sourceTree = "<group>"; };
		1D00ED6714BDE76900929E5C /* UPCActivityViewController.h */ = {isa = PBXFileReference; fileEncoding = 4; lastKnownFileType = sourcecode.c.h; path = UPCActivityViewController.h; sourceTree = "<group>"; };
		1D00ED6814BDE76A00929E5C /* UPCActivityViewController.m */ = {isa = PBXFileReference; fileEncoding = 4; lastKnownFileType = sourcecode.c.objc; path = UPCActivityViewController.m; sourceTree = "<group>"; };
		1D00ED6A14BDF00700929E5C /* ASNote+Description.h */ = {isa = PBXFileReference; fileEncoding = 4; lastKnownFileType = sourcecode.c.h; path = "ASNote+Description.h"; sourceTree = "<group>"; };
		1D00ED6B14BDF00700929E5C /* ASNote+Description.m */ = {isa = PBXFileReference; fileEncoding = 4; lastKnownFileType = sourcecode.c.objc; path = "ASNote+Description.m"; sourceTree = "<group>"; };
		1D00ED6D14BDF09900929E5C /* ASComment+Description.h */ = {isa = PBXFileReference; fileEncoding = 4; lastKnownFileType = sourcecode.c.h; path = "ASComment+Description.h"; sourceTree = "<group>"; };
		1D00ED6E14BDF09900929E5C /* ASComment+Description.m */ = {isa = PBXFileReference; fileEncoding = 4; lastKnownFileType = sourcecode.c.objc; path = "ASComment+Description.m"; sourceTree = "<group>"; };
		1D00ED7014BDF15B00929E5C /* ASActivity+Description.h */ = {isa = PBXFileReference; fileEncoding = 4; lastKnownFileType = sourcecode.c.h; path = "ASActivity+Description.h"; sourceTree = "<group>"; };
		1D00ED7114BDF15C00929E5C /* ASActivity+Description.m */ = {isa = PBXFileReference; fileEncoding = 4; lastKnownFileType = sourcecode.c.objc; path = "ASActivity+Description.m"; sourceTree = "<group>"; };
		1D105FDA149A15D80023D668 /* ASObject.h */ = {isa = PBXFileReference; fileEncoding = 4; lastKnownFileType = sourcecode.c.h; path = ASObject.h; sourceTree = "<group>"; };
		1D105FDB149A15D80023D668 /* ASObject.m */ = {isa = PBXFileReference; fileEncoding = 4; lastKnownFileType = sourcecode.c.objc; path = ASObject.m; sourceTree = "<group>"; };
		1D105FDD149A15F60023D668 /* ASPerson.h */ = {isa = PBXFileReference; fileEncoding = 4; lastKnownFileType = sourcecode.c.h; path = ASPerson.h; sourceTree = "<group>"; };
		1D105FDE149A15F60023D668 /* ASPerson.m */ = {isa = PBXFileReference; fileEncoding = 4; lastKnownFileType = sourcecode.c.objc; path = ASPerson.m; sourceTree = "<group>"; };
		1D105FE0149A179A0023D668 /* ASNote.h */ = {isa = PBXFileReference; fileEncoding = 4; lastKnownFileType = sourcecode.c.h; path = ASNote.h; sourceTree = "<group>"; };
		1D105FE1149A179B0023D668 /* ASNote.m */ = {isa = PBXFileReference; fileEncoding = 4; lastKnownFileType = sourcecode.c.objc; path = ASNote.m; sourceTree = "<group>"; };
		1D105FE3149A192A0023D668 /* ASActivity.h */ = {isa = PBXFileReference; fileEncoding = 4; lastKnownFileType = sourcecode.c.h; path = ASActivity.h; sourceTree = "<group>"; };
		1D105FE4149A192A0023D668 /* ASActivity.m */ = {isa = PBXFileReference; fileEncoding = 4; lastKnownFileType = sourcecode.c.objc; path = ASActivity.m; sourceTree = "<group>"; };
		1D105FE6149A1BBE0023D668 /* ASMediaLink.h */ = {isa = PBXFileReference; fileEncoding = 4; lastKnownFileType = sourcecode.c.h; path = ASMediaLink.h; sourceTree = "<group>"; };
		1D105FE7149A1BBE0023D668 /* ASMediaLink.m */ = {isa = PBXFileReference; fileEncoding = 4; lastKnownFileType = sourcecode.c.objc; path = ASMediaLink.m; sourceTree = "<group>"; };
		1D105FEC149A1FFF0023D668 /* ASActivityTest.m */ = {isa = PBXFileReference; fileEncoding = 4; lastKnownFileType = sourcecode.c.objc; path = ASActivityTest.m; sourceTree = "<group>"; };
		1D26416214B9CB8C0094728F /* UPCPostActivityView.xib */ = {isa = PBXFileReference; fileEncoding = 4; lastKnownFileType = file.xib; path = UPCPostActivityView.xib; sourceTree = "<group>"; };
		1D26416514B9CD1C0094728F /* UPCPostActivityViewController.h */ = {isa = PBXFileReference; fileEncoding = 4; lastKnownFileType = sourcecode.c.h; path = UPCPostActivityViewController.h; sourceTree = "<group>"; };
		1D26416614B9CD1D0094728F /* UPCPostActivityViewController.m */ = {isa = PBXFileReference; fileEncoding = 4; lastKnownFileType = sourcecode.c.objc; path = UPCPostActivityViewController.m; sourceTree = "<group>"; };
		1D26416814B9DB4D0094728F /* UPCTimelineNavigationController.h */ = {isa = PBXFileReference; fileEncoding = 4; lastKnownFileType = sourcecode.c.h; path = UPCTimelineNavigationController.h; sourceTree = "<group>"; };
		1D26416914B9DB4D0094728F /* UPCTimelineNavigationController.m */ = {isa = PBXFileReference; fileEncoding = 4; lastKnownFileType = sourcecode.c.objc; path = UPCTimelineNavigationController.m; sourceTree = "<group>"; };
		1D26416B14B9E2C00094728F /* UPCPostActivityViewNotifications.h */ = {isa = PBXFileReference; fileEncoding = 4; lastKnownFileType = sourcecode.c.h; path = UPCPostActivityViewNotifications.h; sourceTree = "<group>"; };
		1D26416C14B9E2C00094728F /* UPCPostActivityViewNotifications.m */ = {isa = PBXFileReference; fileEncoding = 4; lastKnownFileType = sourcecode.c.objc; path = UPCPostActivityViewNotifications.m; sourceTree = "<group>"; };
		1D26416F14B9FAD30094728F /* UPCPostActivitySerializationMappingTest.m */ = {isa = PBXFileReference; fileEncoding = 4; lastKnownFileType = sourcecode.c.objc; path = UPCPostActivitySerializationMappingTest.m; sourceTree = "<group>"; };
		1D3F338A149B5DB50032CD09 /* timeline.json */ = {isa = PBXFileReference; fileEncoding = 4; lastKnownFileType = text.json; path = timeline.json; sourceTree = "<group>"; };
		1D3F338C149B61590032CD09 /* UPCRestKitConfigurator.h */ = {isa = PBXFileReference; fileEncoding = 4; lastKnownFileType = sourcecode.c.h; path = UPCRestKitConfigurator.h; sourceTree = "<group>"; };
		1D3F338D149B61590032CD09 /* UPCRestKitConfigurator.m */ = {isa = PBXFileReference; fileEncoding = 4; lastKnownFileType = sourcecode.c.objc; path = UPCRestKitConfigurator.m; sourceTree = "<group>"; };
		1D3F338F149B61E80032CD09 /* ASActivityStreams.h */ = {isa = PBXFileReference; fileEncoding = 4; lastKnownFileType = sourcecode.c.h; path = ASActivityStreams.h; sourceTree = "<group>"; };
		1D3F3392149B692B0032CD09 /* timeline.post.json */ = {isa = PBXFileReference; fileEncoding = 4; lastKnownFileType = text.json; path = timeline.post.json; sourceTree = "<group>"; };
		1D3F3395149B69F50032CD09 /* UPCRKJSonParser.h */ = {isa = PBXFileReference; fileEncoding = 4; lastKnownFileType = sourcecode.c.h; path = UPCRKJSonParser.h; sourceTree = "<group>"; };
		1D3F3396149B69F50032CD09 /* UPCRKJSonParser.m */ = {isa = PBXFileReference; fileEncoding = 4; lastKnownFileType = sourcecode.c.objc; path = UPCRKJSonParser.m; sourceTree = "<group>"; };
		1D3F339A149B6D9D0032CD09 /* UPCPostActivityMappingTest.m */ = {isa = PBXFileReference; fileEncoding = 4; lastKnownFileType = sourcecode.c.objc; path = UPCPostActivityMappingTest.m; sourceTree = "<group>"; };
		1D586E6A14975EB8004A5E92 /* iSomUPC.app */ = {isa = PBXFileReference; explicitFileType = wrapper.application; includeInIndex = 0; path = iSomUPC.app; sourceTree = BUILT_PRODUCTS_DIR; };
		1D586E6E14975EB8004A5E92 /* UIKit.framework */ = {isa = PBXFileReference; lastKnownFileType = wrapper.framework; name = UIKit.framework; path = System/Library/Frameworks/UIKit.framework; sourceTree = SDKROOT; };
		1D586E7014975EB8004A5E92 /* Foundation.framework */ = {isa = PBXFileReference; lastKnownFileType = wrapper.framework; name = Foundation.framework; path = System/Library/Frameworks/Foundation.framework; sourceTree = SDKROOT; };
		1D586E7214975EB8004A5E92 /* CoreGraphics.framework */ = {isa = PBXFileReference; lastKnownFileType = wrapper.framework; name = CoreGraphics.framework; path = System/Library/Frameworks/CoreGraphics.framework; sourceTree = SDKROOT; };
		1D586E9914975EB9004A5E92 /* iSomUPCTests.octest */ = {isa = PBXFileReference; explicitFileType = wrapper.cfbundle; includeInIndex = 0; path = iSomUPCTests.octest; sourceTree = BUILT_PRODUCTS_DIR; };
		1D586E9A14975EB9004A5E92 /* SenTestingKit.framework */ = {isa = PBXFileReference; lastKnownFileType = wrapper.framework; name = SenTestingKit.framework; path = Library/Frameworks/SenTestingKit.framework; sourceTree = DEVELOPER_DIR; };
		1D586EB314976099004A5E92 /* UPCAppDelegate.h */ = {isa = PBXFileReference; fileEncoding = 4; lastKnownFileType = sourcecode.c.h; path = UPCAppDelegate.h; sourceTree = "<group>"; };
		1D586EB414976099004A5E92 /* UPCAppDelegate.m */ = {isa = PBXFileReference; fileEncoding = 4; lastKnownFileType = sourcecode.c.objc; path = UPCAppDelegate.m; sourceTree = "<group>"; };
		1D586EB814976099004A5E92 /* UPCSecondViewController.h */ = {isa = PBXFileReference; fileEncoding = 4; lastKnownFileType = sourcecode.c.h; path = UPCSecondViewController.h; sourceTree = "<group>"; };
		1D586EB914976099004A5E92 /* UPCSecondViewController.m */ = {isa = PBXFileReference; fileEncoding = 4; lastKnownFileType = sourcecode.c.objc; path = UPCSecondViewController.m; sourceTree = "<group>"; };
		1D586EC114976099004A5E92 /* first.png */ = {isa = PBXFileReference; lastKnownFileType = image.png; path = first.png; sourceTree = "<group>"; };
		1D586EC214976099004A5E92 /* first@2x.png */ = {isa = PBXFileReference; lastKnownFileType = image.png; path = "first@2x.png"; sourceTree = "<group>"; };
		1D586EC314976099004A5E92 /* second.png */ = {isa = PBXFileReference; lastKnownFileType = image.png; path = second.png; sourceTree = "<group>"; };
		1D586EC414976099004A5E92 /* second@2x.png */ = {isa = PBXFileReference; lastKnownFileType = image.png; path = "second@2x.png"; sourceTree = "<group>"; };
		1D586EC914976099004A5E92 /* UPCSecondViewController.xib */ = {isa = PBXFileReference; fileEncoding = 4; lastKnownFileType = file.xib; path = UPCSecondViewController.xib; sourceTree = "<group>"; };
		1D586ED3149760CA004A5E92 /* InfoPlist.strings */ = {isa = PBXFileReference; fileEncoding = 4; lastKnownFileType = text.plist.strings; path = InfoPlist.strings; sourceTree = "<group>"; };
		1D586ED4149760CA004A5E92 /* iSomUPC-Info.plist */ = {isa = PBXFileReference; fileEncoding = 4; lastKnownFileType = text.plist.xml; path = "iSomUPC-Info.plist"; sourceTree = "<group>"; };
		1D586ED5149760CA004A5E92 /* iSomUPC-Prefix.pch */ = {isa = PBXFileReference; fileEncoding = 4; lastKnownFileType = sourcecode.c.h; path = "iSomUPC-Prefix.pch"; sourceTree = "<group>"; };
		1D586ED6149760CA004A5E92 /* main.m */ = {isa = PBXFileReference; fileEncoding = 4; lastKnownFileType = sourcecode.c.objc; path = main.m; sourceTree = "<group>"; };
		1D586EDE149761AA004A5E92 /* InfoPlist.strings */ = {isa = PBXFileReference; fileEncoding = 4; lastKnownFileType = text.plist.strings; path = InfoPlist.strings; sourceTree = "<group>"; };
		1D586EDF149761AA004A5E92 /* iSomUPCTests-Info.plist */ = {isa = PBXFileReference; fileEncoding = 4; lastKnownFileType = text.plist.xml; path = "iSomUPCTests-Info.plist"; sourceTree = "<group>"; };
		1D586F38149764DC004A5E92 /* UPCiSomUPC.xib */ = {isa = PBXFileReference; fileEncoding = 4; lastKnownFileType = file.xib; path = UPCiSomUPC.xib; sourceTree = "<group>"; };
		1D586F3D14976C9C004A5E92 /* FlurryAnalytics.h */ = {isa = PBXFileReference; fileEncoding = 4; lastKnownFileType = sourcecode.c.h; path = FlurryAnalytics.h; sourceTree = "<group>"; };
		1D586F3E14976C9C004A5E92 /* libFlurryAnalytics.a */ = {isa = PBXFileReference; lastKnownFileType = archive.ar; path = libFlurryAnalytics.a; sourceTree = "<group>"; };
		1D586F461497723F004A5E92 /* libKiwi.a */ = {isa = PBXFileReference; lastKnownFileType = archive.ar; name = libKiwi.a; path = "../Kiwi/build/Release-iphoneos/libKiwi.a"; sourceTree = "<group>"; };
		1D586F4B14977EA9004A5E92 /* libRestKit.a */ = {isa = PBXFileReference; lastKnownFileType = archive.ar; name = libRestKit.a; path = "../RestKit/build/Release-iphoneos/libRestKit.a"; sourceTree = "<group>"; };
		1D586F4D14977EB4004A5E92 /* CFNetwork.framework */ = {isa = PBXFileReference; lastKnownFileType = wrapper.framework; name = CFNetwork.framework; path = System/Library/Frameworks/CFNetwork.framework; sourceTree = SDKROOT; };
		1D586F4F14977EC3004A5E92 /* CoreData.framework */ = {isa = PBXFileReference; lastKnownFileType = wrapper.framework; name = CoreData.framework; path = System/Library/Frameworks/CoreData.framework; sourceTree = SDKROOT; };
		1D586F5114977ED0004A5E92 /* Security.framework */ = {isa = PBXFileReference; lastKnownFileType = wrapper.framework; name = Security.framework; path = System/Library/Frameworks/Security.framework; sourceTree = SDKROOT; };
		1D586F5314977EDD004A5E92 /* MobileCoreServices.framework */ = {isa = PBXFileReference; lastKnownFileType = wrapper.framework; name = MobileCoreServices.framework; path = System/Library/Frameworks/MobileCoreServices.framework; sourceTree = SDKROOT; };
		1D586F5514977EEB004A5E92 /* SystemConfiguration.framework */ = {isa = PBXFileReference; lastKnownFileType = wrapper.framework; name = SystemConfiguration.framework; path = System/Library/Frameworks/SystemConfiguration.framework; sourceTree = SDKROOT; };
		1D586F5714977EFA004A5E92 /* libxml2.dylib */ = {isa = PBXFileReference; lastKnownFileType = "compiled.mach-o.dylib"; name = libxml2.dylib; path = usr/lib/libxml2.dylib; sourceTree = SDKROOT; };
		1D586F881498AE22004A5E92 /* UPCTimelineView.xib */ = {isa = PBXFileReference; fileEncoding = 4; lastKnownFileType = file.xib; path = UPCTimelineView.xib; sourceTree = "<group>"; };
		1D586F8A1498AECF004A5E92 /* UPCTimelineViewController.h */ = {isa = PBXFileReference; fileEncoding = 4; lastKnownFileType = sourcecode.c.h; path = UPCTimelineViewController.h; sourceTree = "<group>"; };
		1D586F8B1498AECF004A5E92 /* UPCTimelineViewController.m */ = {isa = PBXFileReference; fileEncoding = 4; lastKnownFileType = sourcecode.c.objc; path = UPCTimelineViewController.m; sourceTree = "<group>"; };
		1DC29D4014A095F300A35D17 /* timeline.post.invalid-date.json */ = {isa = PBXFileReference; fileEncoding = 4; lastKnownFileType = text.json; path = "timeline.post.invalid-date.json"; sourceTree = "<group>"; };
		1DC29D4514A096FF00A35D17 /* UPCDateMappingTest.m */ = {isa = PBXFileReference; fileEncoding = 4; lastKnownFileType = sourcecode.c.objc; path = UPCDateMappingTest.m; sourceTree = "<group>"; };
		1DC29D4814A0980E00A35D17 /* UPCFollowActivityMappingTest.m */ = {isa = PBXFileReference; fileEncoding = 4; lastKnownFileType = sourcecode.c.objc; path = UPCFollowActivityMappingTest.m; sourceTree = "<group>"; };
		1DC29D4A14A0983E00A35D17 /* timeline.follow.json */ = {isa = PBXFileReference; fileEncoding = 4; lastKnownFileType = text.json; path = timeline.follow.json; sourceTree = "<group>"; };
		1DC29D4D14A0A03E00A35D17 /* blackArrow.png */ = {isa = PBXFileReference; lastKnownFileType = image.png; path = blackArrow.png; sourceTree = "<group>"; };
		1DC29D4E14A0A03E00A35D17 /* blackArrow@2x.png */ = {isa = PBXFileReference; lastKnownFileType = image.png; path = "blackArrow@2x.png"; sourceTree = "<group>"; };
		1DC29D4F14A0A03E00A35D17 /* blueArrow.png */ = {isa = PBXFileReference; lastKnownFileType = image.png; path = blueArrow.png; sourceTree = "<group>"; };
		1DC29D5014A0A03E00A35D17 /* blueArrow@2x.png */ = {isa = PBXFileReference; lastKnownFileType = image.png; path = "blueArrow@2x.png"; sourceTree = "<group>"; };
		1DC29D5114A0A03E00A35D17 /* grayArrow.png */ = {isa = PBXFileReference; lastKnownFileType = image.png; path = grayArrow.png; sourceTree = "<group>"; };
		1DC29D5214A0A03E00A35D17 /* grayArrow@2x.png */ = {isa = PBXFileReference; lastKnownFileType = image.png; path = "grayArrow@2x.png"; sourceTree = "<group>"; };
		1DC29D5314A0A03E00A35D17 /* whiteArrow.png */ = {isa = PBXFileReference; lastKnownFileType = image.png; path = whiteArrow.png; sourceTree = "<group>"; };
		1DC29D5414A0A03E00A35D17 /* whiteArrow@2x.png */ = {isa = PBXFileReference; lastKnownFileType = image.png; path = "whiteArrow@2x.png"; sourceTree = "<group>"; };
		1DC29D5E14A0A06E00A35D17 /* EGORefreshTableHeaderView.h */ = {isa = PBXFileReference; fileEncoding = 4; lastKnownFileType = sourcecode.c.h; path = EGORefreshTableHeaderView.h; sourceTree = "<group>"; };
		1DC29D5F14A0A06E00A35D17 /* EGORefreshTableHeaderView.m */ = {isa = PBXFileReference; fileEncoding = 4; lastKnownFileType = sourcecode.c.objc; path = EGORefreshTableHeaderView.m; sourceTree = "<group>"; };
		1DC29D6114A0A2A700A35D17 /* QuartzCore.framework */ = {isa = PBXFileReference; lastKnownFileType = wrapper.framework; name = QuartzCore.framework; path = System/Library/Frameworks/QuartzCore.framework; sourceTree = SDKROOT; };
		1DC29D6714A0B0AB00A35D17 /* UPCMaxConnector.h */ = {isa = PBXFileReference; fileEncoding = 4; lastKnownFileType = sourcecode.c.h; path = UPCMaxConnector.h; sourceTree = "<group>"; };
		1DC29D6814A0B0AB00A35D17 /* UPCMaxConnector.m */ = {isa = PBXFileReference; fileEncoding = 4; lastKnownFileType = sourcecode.c.objc; path = UPCMaxConnector.m; sourceTree = "<group>"; };
		1DC29D6A14A0B0CD00A35D17 /* UPCMaxNotifications.h */ = {isa = PBXFileReference; fileEncoding = 4; lastKnownFileType = sourcecode.c.h; path = UPCMaxNotifications.h; sourceTree = "<group>"; };
		1DC29D6B14A0B0CD00A35D17 /* UPCMaxNotifications.m */ = {isa = PBXFileReference; fileEncoding = 4; lastKnownFileType = sourcecode.c.objc; path = UPCMaxNotifications.m; sourceTree = "<group>"; };
		1DC29D6E14A0D3AF00A35D17 /* UPCMaxConnectorTest.m */ = {isa = PBXFileReference; fileEncoding = 4; lastKnownFileType = sourcecode.c.objc; path = UPCMaxConnectorTest.m; sourceTree = "<group>"; };
		1DDC60A314BD89F800A6C6A1 /* ASComment.h */ = {isa = PBXFileReference; fileEncoding = 4; lastKnownFileType = sourcecode.c.h; path = ASComment.h; sourceTree = "<group>"; };
		1DDC60A414BD89F800A6C6A1 /* ASComment.m */ = {isa = PBXFileReference; fileEncoding = 4; lastKnownFileType = sourcecode.c.objc; path = ASComment.m; sourceTree = "<group>"; };
		1DDC60A714BDB1F500A6C6A1 /* timeline.comment.json */ = {isa = PBXFileReference; fileEncoding = 4; lastKnownFileType = text.json; path = timeline.comment.json; sourceTree = "<group>"; };
		1DDC60AA14BDB34800A6C6A1 /* UPCCommentActivityMappingTest.m */ = {isa = PBXFileReference; fileEncoding = 4; lastKnownFileType = sourcecode.c.objc; path = UPCCommentActivityMappingTest.m; sourceTree = "<group>"; };
		1DFCCD4114BEFA1200F35F9D /* UPCTimelineViewNotifications.h */ = {isa = PBXFileReference; fileEncoding = 4; lastKnownFileType = sourcecode.c.h; path = UPCTimelineViewNotifications.h; sourceTree = "<group>"; };
		1DFCCD4214BEFA1200F35F9D /* UPCTimelineViewNotifications.m */ = {isa = PBXFileReference; fileEncoding = 4; lastKnownFileType = sourcecode.c.objc; path = UPCTimelineViewNotifications.m; sourceTree = "<group>"; };
		1DFCCD5214BF016100F35F9D /* UPCCommentView.xib */ = {isa = PBXFileReference; fileEncoding = 4; lastKnownFileType = file.xib; path = UPCCommentView.xib; sourceTree = "<group>"; };
		1DFCCD5414BF03FF00F35F9D /* UPCCommentView.h */ = {isa = PBXFileReference; fileEncoding = 4; lastKnownFileType = sourcecode.c.h; path = UPCCommentView.h; sourceTree = "<group>"; };
		1DFCCD5514BF03FF00F35F9D /* UPCCommentView.m */ = {isa = PBXFileReference; fileEncoding = 4; lastKnownFileType = sourcecode.c.objc; path = UPCCommentView.m; sourceTree = "<group>"; };
/* End PBXFileReference section */

/* Begin PBXFrameworksBuildPhase section */
		1D586E6714975EB8004A5E92 /* Frameworks */ = {
			isa = PBXFrameworksBuildPhase;
			buildActionMask = 2147483647;
			files = (
				1D586E6F14975EB8004A5E92 /* UIKit.framework in Frameworks */,
				1D586E7114975EB8004A5E92 /* Foundation.framework in Frameworks */,
				1D586E7314975EB8004A5E92 /* CoreGraphics.framework in Frameworks */,
				1D586F3F14976C9C004A5E92 /* libFlurryAnalytics.a in Frameworks */,
				1D586F4C14977EA9004A5E92 /* libRestKit.a in Frameworks */,
				1D586F4E14977EB4004A5E92 /* CFNetwork.framework in Frameworks */,
				1D586F5014977EC3004A5E92 /* CoreData.framework in Frameworks */,
				1D586F5214977ED0004A5E92 /* Security.framework in Frameworks */,
				1D586F5414977EDD004A5E92 /* MobileCoreServices.framework in Frameworks */,
				1D586F5614977EEC004A5E92 /* SystemConfiguration.framework in Frameworks */,
				1D586F5814977EFA004A5E92 /* libxml2.dylib in Frameworks */,
				1DC29D6214A0A2A700A35D17 /* QuartzCore.framework in Frameworks */,
			);
			runOnlyForDeploymentPostprocessing = 0;
		};
		1D586E9514975EB9004A5E92 /* Frameworks */ = {
			isa = PBXFrameworksBuildPhase;
			buildActionMask = 2147483647;
			files = (
				1D586F471497723F004A5E92 /* libKiwi.a in Frameworks */,
				1D586E9B14975EB9004A5E92 /* SenTestingKit.framework in Frameworks */,
				1D586E9C14975EB9004A5E92 /* UIKit.framework in Frameworks */,
				1D586E9D14975EB9004A5E92 /* Foundation.framework in Frameworks */,
			);
			runOnlyForDeploymentPostprocessing = 0;
		};
/* End PBXFrameworksBuildPhase section */

/* Begin PBXGroup section */
		1D105FD8149A15C10023D668 /* models */ = {
			isa = PBXGroup;
			children = (
				1D105FD9149A15C10023D668 /* activitystreams */,
			);
			path = models;
			sourceTree = "<group>";
		};
		1D105FD9149A15C10023D668 /* activitystreams */ = {
			isa = PBXGroup;
			children = (
				1D105FE3149A192A0023D668 /* ASActivity.h */,
				1D105FE4149A192A0023D668 /* ASActivity.m */,
				1D3F338F149B61E80032CD09 /* ASActivityStreams.h */,
				1DDC60A314BD89F800A6C6A1 /* ASComment.h */,
				1DDC60A414BD89F800A6C6A1 /* ASComment.m */,
				1D105FE6149A1BBE0023D668 /* ASMediaLink.h */,
				1D105FE7149A1BBE0023D668 /* ASMediaLink.m */,
				1D105FE0149A179A0023D668 /* ASNote.h */,
				1D105FE1149A179B0023D668 /* ASNote.m */,
				1D105FDA149A15D80023D668 /* ASObject.h */,
				1D105FDB149A15D80023D668 /* ASObject.m */,
				1D105FDD149A15F60023D668 /* ASPerson.h */,
				1D105FDE149A15F60023D668 /* ASPerson.m */,
			);
			path = activitystreams;
			sourceTree = "<group>";
		};
		1D105FE9149A1FE40023D668 /* models */ = {
			isa = PBXGroup;
			children = (
				1D105FEA149A1FE40023D668 /* activitystreams */,
			);
			path = models;
			sourceTree = "<group>";
		};
		1D105FEA149A1FE40023D668 /* activitystreams */ = {
			isa = PBXGroup;
			children = (
				1D105FEC149A1FFF0023D668 /* ASActivityTest.m */,
			);
			path = activitystreams;
			sourceTree = "<group>";
		};
		1D3F3385149B5CC70032CD09 /* resources */ = {
			isa = PBXGroup;
			children = (
				1D3F3386149B5CC70032CD09 /* fixtures */,
			);
			path = resources;
			sourceTree = "<group>";
		};
		1D3F3386149B5CC70032CD09 /* fixtures */ = {
			isa = PBXGroup;
			children = (
				1DDC60A714BDB1F500A6C6A1 /* timeline.comment.json */,
				1DC29D4A14A0983E00A35D17 /* timeline.follow.json */,
				1D3F338A149B5DB50032CD09 /* timeline.json */,
				1DC29D4014A095F300A35D17 /* timeline.post.invalid-date.json */,
				1D3F3392149B692B0032CD09 /* timeline.post.json */,
			);
			path = fixtures;
			sourceTree = "<group>";
		};
		1D3F3394149B69D30032CD09 /* helpers */ = {
			isa = PBXGroup;
			children = (
				1D3F3395149B69F50032CD09 /* UPCRKJSonParser.h */,
				1D3F3396149B69F50032CD09 /* UPCRKJSonParser.m */,
				1DC29D6E14A0D3AF00A35D17 /* UPCMaxConnectorTest.m */,
			);
			path = helpers;
			sourceTree = "<group>";
		};
		1D3F3398149B6D7D0032CD09 /* mappings */ = {
			isa = PBXGroup;
			children = (
				1DDC60AA14BDB34800A6C6A1 /* UPCCommentActivityMappingTest.m */,
				1DC29D4514A096FF00A35D17 /* UPCDateMappingTest.m */,
				1DC29D4814A0980E00A35D17 /* UPCFollowActivityMappingTest.m */,
				1D3F339A149B6D9D0032CD09 /* UPCPostActivityMappingTest.m */,
				1D26416F14B9FAD30094728F /* UPCPostActivitySerializationMappingTest.m */,
			);
			path = mappings;
			sourceTree = "<group>";
		};
		1D586E5F14975EB8004A5E92 = {
			isa = PBXGroup;
			children = (
				1D586E7414975EB8004A5E92 /* iSomUPC */,
				1D586EA014975EB9004A5E92 /* iSomUPCTests */,
				1D586E6D14975EB8004A5E92 /* Frameworks */,
				1D586E6B14975EB8004A5E92 /* Products */,
			);
			sourceTree = "<group>";
		};
		1D586E6B14975EB8004A5E92 /* Products */ = {
			isa = PBXGroup;
			children = (
				1D586E6A14975EB8004A5E92 /* iSomUPC.app */,
				1D586E9914975EB9004A5E92 /* iSomUPCTests.octest */,
			);
			name = Products;
			sourceTree = "<group>";
		};
		1D586E6D14975EB8004A5E92 /* Frameworks */ = {
			isa = PBXGroup;
			children = (
				1D586F461497723F004A5E92 /* libKiwi.a */,
				1D586E6E14975EB8004A5E92 /* UIKit.framework */,
				1D586E7014975EB8004A5E92 /* Foundation.framework */,
				1D586E7214975EB8004A5E92 /* CoreGraphics.framework */,
				1D586E9A14975EB9004A5E92 /* SenTestingKit.framework */,
				1D586F4B14977EA9004A5E92 /* libRestKit.a */,
				1D586F4D14977EB4004A5E92 /* CFNetwork.framework */,
				1D586F4F14977EC3004A5E92 /* CoreData.framework */,
				1D586F5114977ED0004A5E92 /* Security.framework */,
				1D586F5314977EDD004A5E92 /* MobileCoreServices.framework */,
				1D586F5514977EEB004A5E92 /* SystemConfiguration.framework */,
				1D586F5714977EFA004A5E92 /* libxml2.dylib */,
				1DC29D6114A0A2A700A35D17 /* QuartzCore.framework */,
			);
			name = Frameworks;
			sourceTree = "<group>";
		};
		1D586E7414975EB8004A5E92 /* iSomUPC */ = {
			isa = PBXGroup;
			children = (
				1D586EB114976099004A5E92 /* classes */,
				1D586F3B14976C9B004A5E92 /* libraries */,
				1D586EBE14976099004A5E92 /* resources */,
				1D586E7514975EB8004A5E92 /* Supporting Files */,
			);
			path = iSomUPC;
			sourceTree = "<group>";
		};
		1D586E7514975EB8004A5E92 /* Supporting Files */ = {
			isa = PBXGroup;
			children = (
				1D586ED3149760CA004A5E92 /* InfoPlist.strings */,
				1D586ED4149760CA004A5E92 /* iSomUPC-Info.plist */,
				1D586ED5149760CA004A5E92 /* iSomUPC-Prefix.pch */,
				1D586ED6149760CA004A5E92 /* main.m */,
			);
			name = "Supporting Files";
			sourceTree = "<group>";
		};
		1D586EA014975EB9004A5E92 /* iSomUPCTests */ = {
			isa = PBXGroup;
			children = (
				1D586EDA1497619C004A5E92 /* classes */,
				1D3F3385149B5CC70032CD09 /* resources */,
				1D586EA114975EB9004A5E92 /* Supporting Files */,
			);
			path = iSomUPCTests;
			sourceTree = "<group>";
		};
		1D586EA114975EB9004A5E92 /* Supporting Files */ = {
			isa = PBXGroup;
			children = (
				1D586EDE149761AA004A5E92 /* InfoPlist.strings */,
				1D586EDF149761AA004A5E92 /* iSomUPCTests-Info.plist */,
			);
			name = "Supporting Files";
			sourceTree = "<group>";
		};
		1D586EB114976099004A5E92 /* classes */ = {
			isa = PBXGroup;
			children = (
				1D586EB214976099004A5E92 /* app-delegate */,
				1D586EB514976099004A5E92 /* controllers */,
				1D586EBA14976099004A5E92 /* controls */,
				1D586EBB14976099004A5E92 /* helpers */,
				1D105FD8149A15C10023D668 /* models */,
				1D586EBD14976099004A5E92 /* views */,
			);
			path = classes;
			sourceTree = "<group>";
		};
		1D586EB214976099004A5E92 /* app-delegate */ = {
			isa = PBXGroup;
			children = (
				1D586EB314976099004A5E92 /* UPCAppDelegate.h */,
				1D586EB414976099004A5E92 /* UPCAppDelegate.m */,
			);
			path = "app-delegate";
			sourceTree = "<group>";
		};
		1D586EB514976099004A5E92 /* controllers */ = {
			isa = PBXGroup;
			children = (
				1D00ED6714BDE76900929E5C /* UPCActivityViewController.h */,
				1D00ED6814BDE76A00929E5C /* UPCActivityViewController.m */,
				1D586EB814976099004A5E92 /* UPCSecondViewController.h */,
				1D586EB914976099004A5E92 /* UPCSecondViewController.m */,
				1D26416514B9CD1C0094728F /* UPCPostActivityViewController.h */,
				1D26416614B9CD1D0094728F /* UPCPostActivityViewController.m */,
				1D26416B14B9E2C00094728F /* UPCPostActivityViewNotifications.h */,
				1D26416C14B9E2C00094728F /* UPCPostActivityViewNotifications.m */,
				1D26416814B9DB4D0094728F /* UPCTimelineNavigationController.h */,
				1D26416914B9DB4D0094728F /* UPCTimelineNavigationController.m */,
				1D586F8A1498AECF004A5E92 /* UPCTimelineViewController.h */,
				1D586F8B1498AECF004A5E92 /* UPCTimelineViewController.m */,
				1DFCCD4114BEFA1200F35F9D /* UPCTimelineViewNotifications.h */,
				1DFCCD4214BEFA1200F35F9D /* UPCTimelineViewNotifications.m */,
			);
			path = controllers;
			sourceTree = "<group>";
		};
		1D586EBA14976099004A5E92 /* controls */ = {
			isa = PBXGroup;
			children = (
			);
			path = controls;
			sourceTree = "<group>";
		};
		1D586EBB14976099004A5E92 /* helpers */ = {
			isa = PBXGroup;
			children = (
				1D00ED7014BDF15B00929E5C /* ASActivity+Description.h */,
				1D00ED7114BDF15C00929E5C /* ASActivity+Description.m */,
				1D00ED6D14BDF09900929E5C /* ASComment+Description.h */,
				1D00ED6E14BDF09900929E5C /* ASComment+Description.m */,
				1D00ED6A14BDF00700929E5C /* ASNote+Description.h */,
				1D00ED6B14BDF00700929E5C /* ASNote+Description.m */,
				1DC29D6714A0B0AB00A35D17 /* UPCMaxConnector.h */,
				1DC29D6814A0B0AB00A35D17 /* UPCMaxConnector.m */,
				1DC29D6A14A0B0CD00A35D17 /* UPCMaxNotifications.h */,
				1DC29D6B14A0B0CD00A35D17 /* UPCMaxNotifications.m */,
				1D3F338C149B61590032CD09 /* UPCRestKitConfigurator.h */,
				1D3F338D149B61590032CD09 /* UPCRestKitConfigurator.m */,
			);
			path = helpers;
			sourceTree = "<group>";
		};
		1D586EBD14976099004A5E92 /* views */ = {
			isa = PBXGroup;
			children = (
				1DFCCD5414BF03FF00F35F9D /* UPCCommentView.h */,
				1DFCCD5514BF03FF00F35F9D /* UPCCommentView.m */,
			);
			path = views;
			sourceTree = "<group>";
		};
		1D586EBE14976099004A5E92 /* resources */ = {
			isa = PBXGroup;
			children = (
				1D586EBF14976099004A5E92 /* data */,
				1D586EC014976099004A5E92 /* images */,
				1D586EC514976099004A5E92 /* plist */,
				1D586EC614976099004A5E92 /* sounds */,
				1D586EC714976099004A5E92 /* xib */,
			);
			path = resources;
			sourceTree = "<group>";
		};
		1D586EBF14976099004A5E92 /* data */ = {
			isa = PBXGroup;
			children = (
			);
			path = data;
			sourceTree = "<group>";
		};
		1D586EC014976099004A5E92 /* images */ = {
			isa = PBXGroup;
			children = (
				1DC29D4C14A0A03E00A35D17 /* EGOTableViewPullRefresh */,
				1D586EC114976099004A5E92 /* first.png */,
				1D586EC214976099004A5E92 /* first@2x.png */,
				1D586EC314976099004A5E92 /* second.png */,
				1D586EC414976099004A5E92 /* second@2x.png */,
			);
			path = images;
			sourceTree = "<group>";
		};
		1D586EC514976099004A5E92 /* plist */ = {
			isa = PBXGroup;
			children = (
			);
			path = plist;
			sourceTree = "<group>";
		};
		1D586EC614976099004A5E92 /* sounds */ = {
			isa = PBXGroup;
			children = (
			);
			path = sounds;
			sourceTree = "<group>";
		};
		1D586EC714976099004A5E92 /* xib */ = {
			isa = PBXGroup;
			children = (
				1D00ED6514BDE72D00929E5C /* UPCActivityView.xib */,
				1DFCCD5214BF016100F35F9D /* UPCCommentView.xib */,
				1D586F38149764DC004A5E92 /* UPCiSomUPC.xib */,
				1D26416214B9CB8C0094728F /* UPCPostActivityView.xib */,
				1D586EC914976099004A5E92 /* UPCSecondViewController.xib */,
				1D586F881498AE22004A5E92 /* UPCTimelineView.xib */,
			);
			path = xib;
			sourceTree = "<group>";
		};
		1D586EDA1497619C004A5E92 /* classes */ = {
			isa = PBXGroup;
			children = (
				1D3F3394149B69D30032CD09 /* helpers */,
				1D3F3398149B6D7D0032CD09 /* mappings */,
				1D105FE9149A1FE40023D668 /* models */,
			);
			path = classes;
			sourceTree = "<group>";
		};
		1D586F3B14976C9B004A5E92 /* libraries */ = {
			isa = PBXGroup;
			children = (
				1DC29D5D14A0A06E00A35D17 /* EGOTableViewPullRefresh */,
				1D586F3C14976C9C004A5E92 /* FlurryAnalytics */,
			);
			path = libraries;
			sourceTree = "<group>";
		};
		1D586F3C14976C9C004A5E92 /* FlurryAnalytics */ = {
			isa = PBXGroup;
			children = (
				1D586F3D14976C9C004A5E92 /* FlurryAnalytics.h */,
				1D586F3E14976C9C004A5E92 /* libFlurryAnalytics.a */,
			);
			path = FlurryAnalytics;
			sourceTree = "<group>";
		};
		1DC29D4C14A0A03E00A35D17 /* EGOTableViewPullRefresh */ = {
			isa = PBXGroup;
			children = (
				1DC29D4D14A0A03E00A35D17 /* blackArrow.png */,
				1DC29D4E14A0A03E00A35D17 /* blackArrow@2x.png */,
				1DC29D4F14A0A03E00A35D17 /* blueArrow.png */,
				1DC29D5014A0A03E00A35D17 /* blueArrow@2x.png */,
				1DC29D5114A0A03E00A35D17 /* grayArrow.png */,
				1DC29D5214A0A03E00A35D17 /* grayArrow@2x.png */,
				1DC29D5314A0A03E00A35D17 /* whiteArrow.png */,
				1DC29D5414A0A03E00A35D17 /* whiteArrow@2x.png */,
			);
			path = EGOTableViewPullRefresh;
			sourceTree = "<group>";
		};
		1DC29D5D14A0A06E00A35D17 /* EGOTableViewPullRefresh */ = {
			isa = PBXGroup;
			children = (
				1DC29D5E14A0A06E00A35D17 /* EGORefreshTableHeaderView.h */,
				1DC29D5F14A0A06E00A35D17 /* EGORefreshTableHeaderView.m */,
			);
			path = EGOTableViewPullRefresh;
			sourceTree = "<group>";
		};
/* End PBXGroup section */

/* Begin PBXNativeTarget section */
		1D586E6914975EB8004A5E92 /* iSomUPC */ = {
			isa = PBXNativeTarget;
			buildConfigurationList = 1D586EAB14975EB9004A5E92 /* Build configuration list for PBXNativeTarget "iSomUPC" */;
			buildPhases = (
				1D586E6614975EB8004A5E92 /* Sources */,
				1D586E6714975EB8004A5E92 /* Frameworks */,
				1D586E6814975EB8004A5E92 /* Resources */,
			);
			buildRules = (
			);
			dependencies = (
			);
			name = iSomUPC;
			productName = iSomUPC;
			productReference = 1D586E6A14975EB8004A5E92 /* iSomUPC.app */;
			productType = "com.apple.product-type.application";
		};
		1D586E9814975EB9004A5E92 /* iSomUPCTests */ = {
			isa = PBXNativeTarget;
			buildConfigurationList = 1D586EAE14975EB9004A5E92 /* Build configuration list for PBXNativeTarget "iSomUPCTests" */;
			buildPhases = (
				1D586E9414975EB9004A5E92 /* Sources */,
				1D586E9514975EB9004A5E92 /* Frameworks */,
				1D586E9614975EB9004A5E92 /* Resources */,
				1D586E9714975EB9004A5E92 /* ShellScript */,
			);
			buildRules = (
			);
			dependencies = (
				1D586E9F14975EB9004A5E92 /* PBXTargetDependency */,
			);
			name = iSomUPCTests;
			productName = iSomUPCTests;
			productReference = 1D586E9914975EB9004A5E92 /* iSomUPCTests.octest */;
			productType = "com.apple.product-type.bundle";
		};
/* End PBXNativeTarget section */

/* Begin PBXProject section */
		1D586E6114975EB8004A5E92 /* Project object */ = {
			isa = PBXProject;
			attributes = {
				LastUpgradeCheck = 0420;
				ORGANIZATIONNAME = UPCnet;
			};
			buildConfigurationList = 1D586E6414975EB8004A5E92 /* Build configuration list for PBXProject "iSomUPC" */;
			compatibilityVersion = "Xcode 3.2";
			developmentRegion = English;
			hasScannedForEncodings = 0;
			knownRegions = (
				en,
			);
			mainGroup = 1D586E5F14975EB8004A5E92;
			productRefGroup = 1D586E6B14975EB8004A5E92 /* Products */;
			projectDirPath = "";
			projectRoot = "";
			targets = (
				1D586E6914975EB8004A5E92 /* iSomUPC */,
				1D586E9814975EB9004A5E92 /* iSomUPCTests */,
			);
		};
/* End PBXProject section */

/* Begin PBXResourcesBuildPhase section */
		1D586E6814975EB8004A5E92 /* Resources */ = {
			isa = PBXResourcesBuildPhase;
			buildActionMask = 2147483647;
			files = (
				1D586ECD14976099004A5E92 /* first.png in Resources */,
				1D586ECE14976099004A5E92 /* first@2x.png in Resources */,
				1D586ECF14976099004A5E92 /* second.png in Resources */,
				1D586ED014976099004A5E92 /* second@2x.png in Resources */,
				1D586ED214976099004A5E92 /* UPCSecondViewController.xib in Resources */,
				1D586ED7149760CA004A5E92 /* InfoPlist.strings in Resources */,
				1D586F39149764DC004A5E92 /* UPCiSomUPC.xib in Resources */,
				1D586F891498AE22004A5E92 /* UPCTimelineView.xib in Resources */,
				1DC29D5514A0A03E00A35D17 /* blackArrow.png in Resources */,
				1DC29D5614A0A03E00A35D17 /* blackArrow@2x.png in Resources */,
				1DC29D5714A0A03E00A35D17 /* blueArrow.png in Resources */,
				1DC29D5814A0A03E00A35D17 /* blueArrow@2x.png in Resources */,
				1DC29D5914A0A03E00A35D17 /* grayArrow.png in Resources */,
				1DC29D5A14A0A03E00A35D17 /* grayArrow@2x.png in Resources */,
				1DC29D5B14A0A03E00A35D17 /* whiteArrow.png in Resources */,
				1DC29D5C14A0A03E00A35D17 /* whiteArrow@2x.png in Resources */,
				1D26416314B9CB8C0094728F /* UPCPostActivityView.xib in Resources */,
				1D00ED6614BDE72D00929E5C /* UPCActivityView.xib in Resources */,
				1DFCCD5314BF016100F35F9D /* UPCCommentView.xib in Resources */,
			);
			runOnlyForDeploymentPostprocessing = 0;
		};
		1D586E9614975EB9004A5E92 /* Resources */ = {
			isa = PBXResourcesBuildPhase;
			buildActionMask = 2147483647;
			files = (
				1D586EE0149761AA004A5E92 /* InfoPlist.strings in Resources */,
				1D3F338B149B5DB50032CD09 /* timeline.json in Resources */,
				1D3F3393149B692C0032CD09 /* timeline.post.json in Resources */,
				1DC29D4314A0968C00A35D17 /* timeline.post.invalid-date.json in Resources */,
				1DC29D4B14A0983E00A35D17 /* timeline.follow.json in Resources */,
				1DDC60A814BDB1F500A6C6A1 /* timeline.comment.json in Resources */,
			);
			runOnlyForDeploymentPostprocessing = 0;
		};
/* End PBXResourcesBuildPhase section */

/* Begin PBXShellScriptBuildPhase section */
		1D586E9714975EB9004A5E92 /* ShellScript */ = {
			isa = PBXShellScriptBuildPhase;
			buildActionMask = 2147483647;
			files = (
			);
			inputPaths = (
			);
			outputPaths = (
			);
			runOnlyForDeploymentPostprocessing = 0;
			shellPath = /bin/sh;
			shellScript = "# Run the unit tests in this test bundle.\n\"${SYSTEM_DEVELOPER_DIR}/Tools/RunUnitTests\"\n";
		};
/* End PBXShellScriptBuildPhase section */

/* Begin PBXSourcesBuildPhase section */
		1D586E6614975EB8004A5E92 /* Sources */ = {
			isa = PBXSourcesBuildPhase;
			buildActionMask = 2147483647;
			files = (
				1D586ECA14976099004A5E92 /* UPCAppDelegate.m in Sources */,
				1D586ECC14976099004A5E92 /* UPCSecondViewController.m in Sources */,
				1D586ED9149760CA004A5E92 /* main.m in Sources */,
				1D586F8C1498AECF004A5E92 /* UPCTimelineViewController.m in Sources */,
				1D105FDC149A15D80023D668 /* ASObject.m in Sources */,
				1D105FDF149A15F60023D668 /* ASPerson.m in Sources */,
				1D105FE2149A179B0023D668 /* ASNote.m in Sources */,
				1D105FE5149A192A0023D668 /* ASActivity.m in Sources */,
				1D105FE8149A1BBF0023D668 /* ASMediaLink.m in Sources */,
				1D3F338E149B61590032CD09 /* UPCRestKitConfigurator.m in Sources */,
				1DC29D6014A0A06E00A35D17 /* EGORefreshTableHeaderView.m in Sources */,
				1DC29D6914A0B0AB00A35D17 /* UPCMaxConnector.m in Sources */,
				1DC29D6C14A0B0CD00A35D17 /* UPCMaxNotifications.m in Sources */,
				1D26416714B9CD1D0094728F /* UPCPostActivityViewController.m in Sources */,
				1D26416A14B9DB4E0094728F /* UPCTimelineNavigationController.m in Sources */,
				1D26416D14B9E2C10094728F /* UPCPostActivityViewNotifications.m in Sources */,
				1DDC60A514BD89F800A6C6A1 /* ASComment.m in Sources */,
				1D00ED6914BDE76A00929E5C /* UPCActivityViewController.m in Sources */,
				1D00ED6C14BDF00700929E5C /* ASNote+Description.m in Sources */,
				1D00ED6F14BDF09900929E5C /* ASComment+Description.m in Sources */,
				1D00ED7214BDF15C00929E5C /* ASActivity+Description.m in Sources */,
				1DFCCD4314BEFA1200F35F9D /* UPCTimelineViewNotifications.m in Sources */,
				1DFCCD5614BF03FF00F35F9D /* UPCCommentView.m in Sources */,
			);
			runOnlyForDeploymentPostprocessing = 0;
		};
		1D586E9414975EB9004A5E92 /* Sources */ = {
			isa = PBXSourcesBuildPhase;
			buildActionMask = 2147483647;
			files = (
				1D105FED149A1FFF0023D668 /* ASActivityTest.m in Sources */,
				1D3F3397149B69F50032CD09 /* UPCRKJSonParser.m in Sources */,
				1D3F339B149B6D9D0032CD09 /* UPCPostActivityMappingTest.m in Sources */,
				1DC29D4614A096FF00A35D17 /* UPCDateMappingTest.m in Sources */,
				1DC29D4914A0980E00A35D17 /* UPCFollowActivityMappingTest.m in Sources */,
				1DC29D6F14A0D3B000A35D17 /* UPCMaxConnectorTest.m in Sources */,
				1D26417014B9FAD40094728F /* UPCPostActivitySerializationMappingTest.m in Sources */,
				1DDC60AB14BDB34800A6C6A1 /* UPCCommentActivityMappingTest.m in Sources */,
			);
			runOnlyForDeploymentPostprocessing = 0;
		};
/* End PBXSourcesBuildPhase section */

/* Begin PBXTargetDependency section */
		1D586E9F14975EB9004A5E92 /* PBXTargetDependency */ = {
			isa = PBXTargetDependency;
			target = 1D586E6914975EB8004A5E92 /* iSomUPC */;
			targetProxy = 1D586E9E14975EB9004A5E92 /* PBXContainerItemProxy */;
		};
/* End PBXTargetDependency section */

/* Begin XCBuildConfiguration section */
		1D586EA914975EB9004A5E92 /* Debug */ = {
			isa = XCBuildConfiguration;
			buildSettings = {
				ALWAYS_SEARCH_USER_PATHS = NO;
				ARCHS = "$(ARCHS_STANDARD_32_BIT)";
				CLANG_ENABLE_OBJC_ARC = YES;
				"CODE_SIGN_IDENTITY[sdk=iphoneos*]" = "iPhone Developer";
				COPY_PHASE_STRIP = NO;
				GCC_C_LANGUAGE_STANDARD = gnu99;
				GCC_DYNAMIC_NO_PIC = NO;
				GCC_OPTIMIZATION_LEVEL = 0;
				GCC_PREPROCESSOR_DEFINITIONS = (
					"DEBUG=1",
					"$(inherited)",
				);
				GCC_SYMBOLS_PRIVATE_EXTERN = NO;
				GCC_VERSION = com.apple.compilers.llvm.clang.1_0;
				GCC_WARN_ABOUT_MISSING_PROTOTYPES = YES;
				GCC_WARN_ABOUT_RETURN_TYPE = YES;
				GCC_WARN_UNUSED_VARIABLE = YES;
				IPHONEOS_DEPLOYMENT_TARGET = 5.0;
				SDKROOT = iphoneos;
			};
			name = Debug;
		};
		1D586EAA14975EB9004A5E92 /* Release */ = {
			isa = XCBuildConfiguration;
			buildSettings = {
				ALWAYS_SEARCH_USER_PATHS = NO;
				ARCHS = "$(ARCHS_STANDARD_32_BIT)";
				CLANG_ENABLE_OBJC_ARC = YES;
				"CODE_SIGN_IDENTITY[sdk=iphoneos*]" = "iPhone Developer";
				COPY_PHASE_STRIP = YES;
				GCC_C_LANGUAGE_STANDARD = gnu99;
				GCC_VERSION = com.apple.compilers.llvm.clang.1_0;
				GCC_WARN_ABOUT_MISSING_PROTOTYPES = YES;
				GCC_WARN_ABOUT_RETURN_TYPE = YES;
				GCC_WARN_UNUSED_VARIABLE = YES;
				IPHONEOS_DEPLOYMENT_TARGET = 5.0;
				OTHER_CFLAGS = "-DNS_BLOCK_ASSERTIONS=1";
				SDKROOT = iphoneos;
				VALIDATE_PRODUCT = YES;
			};
			name = Release;
		};
		1D586EAC14975EB9004A5E92 /* Debug */ = {
			isa = XCBuildConfiguration;
			buildSettings = {
				GCC_PRECOMPILE_PREFIX_HEADER = YES;
				GCC_PREFIX_HEADER = "iSomUPC/iSomUPC-Prefix.pch";
				HEADER_SEARCH_PATHS = "";
				INFOPLIST_FILE = "iSomUPC/iSomUPC-Info.plist";
				IPHONEOS_DEPLOYMENT_TARGET = 5.0;
				LIBRARY_SEARCH_PATHS = (
					"$(inherited)",
					"\"$(SRCROOT)/iSomUPC/libraries/FlurryAnalytics\"",
				);
				OTHER_LDFLAGS = (
					"-all_load",
					"-ObjC",
				);
				PRODUCT_NAME = "$(TARGET_NAME)";
				USER_HEADER_SEARCH_PATHS = "$(SOURCE_ROOT)/../RestKit/Build";
				WRAPPER_EXTENSION = app;
			};
			name = Debug;
		};
		1D586EAD14975EB9004A5E92 /* Release */ = {
			isa = XCBuildConfiguration;
			buildSettings = {
				GCC_PRECOMPILE_PREFIX_HEADER = YES;
				GCC_PREFIX_HEADER = "iSomUPC/iSomUPC-Prefix.pch";
				HEADER_SEARCH_PATHS = "";
				INFOPLIST_FILE = "iSomUPC/iSomUPC-Info.plist";
				IPHONEOS_DEPLOYMENT_TARGET = 5.0;
				LIBRARY_SEARCH_PATHS = (
					"$(inherited)",
					"\"$(SRCROOT)/iSomUPC/libraries/FlurryAnalytics\"",
				);
				OTHER_LDFLAGS = (
					"-all_load",
					"-ObjC",
				);
				PRODUCT_NAME = "$(TARGET_NAME)";
				USER_HEADER_SEARCH_PATHS = "$(SOURCE_ROOT)/../RestKit/Build";
				WRAPPER_EXTENSION = app;
			};
			name = Release;
		};
		1D586EAF14975EB9004A5E92 /* Debug */ = {
			isa = XCBuildConfiguration;
			buildSettings = {
				BUNDLE_LOADER = "$(BUILT_PRODUCTS_DIR)/iSomUPC.app/iSomUPC";
				FRAMEWORK_SEARCH_PATHS = (
					"$(SDKROOT)/Developer/Library/Frameworks",
					"$(DEVELOPER_LIBRARY_DIR)/Frameworks",
				);
				GCC_PRECOMPILE_PREFIX_HEADER = YES;
				GCC_PREFIX_HEADER = "iSomUPC/iSomUPC-Prefix.pch";
				HEADER_SEARCH_PATHS = "";
				INFOPLIST_FILE = "iSomUPCTests/iSomUPCTests-Info.plist";
				OTHER_LDFLAGS = "-all_load";
				PRODUCT_NAME = "$(TARGET_NAME)";
				TEST_HOST = "$(BUNDLE_LOADER)";
				USER_HEADER_SEARCH_PATHS = "$(SOURCE_ROOT)/../Kiwi/Kiwi";
				WRAPPER_EXTENSION = octest;
			};
			name = Debug;
		};
		1D586EB014975EB9004A5E92 /* Release */ = {
			isa = XCBuildConfiguration;
			buildSettings = {
				BUNDLE_LOADER = "$(BUILT_PRODUCTS_DIR)/iSomUPC.app/iSomUPC";
				FRAMEWORK_SEARCH_PATHS = (
					"$(SDKROOT)/Developer/Library/Frameworks",
					"$(DEVELOPER_LIBRARY_DIR)/Frameworks",
				);
				GCC_PRECOMPILE_PREFIX_HEADER = YES;
				GCC_PREFIX_HEADER = "iSomUPC/iSomUPC-Prefix.pch";
				HEADER_SEARCH_PATHS = "";
				INFOPLIST_FILE = "iSomUPCTests/iSomUPCTests-Info.plist";
				OTHER_LDFLAGS = "-all_load";
				PRODUCT_NAME = "$(TARGET_NAME)";
				TEST_HOST = "$(BUNDLE_LOADER)";
				USER_HEADER_SEARCH_PATHS = "$(SOURCE_ROOT)/../Kiwi/Kiwi";
				WRAPPER_EXTENSION = octest;
			};
			name = Release;
		};
/* End XCBuildConfiguration section */

/* Begin XCConfigurationList section */
		1D586E6414975EB8004A5E92 /* Build configuration list for PBXProject "iSomUPC" */ = {
			isa = XCConfigurationList;
			buildConfigurations = (
				1D586EA914975EB9004A5E92 /* Debug */,
				1D586EAA14975EB9004A5E92 /* Release */,
			);
			defaultConfigurationIsVisible = 0;
			defaultConfigurationName = Release;
		};
		1D586EAB14975EB9004A5E92 /* Build configuration list for PBXNativeTarget "iSomUPC" */ = {
			isa = XCConfigurationList;
			buildConfigurations = (
				1D586EAC14975EB9004A5E92 /* Debug */,
				1D586EAD14975EB9004A5E92 /* Release */,
			);
			defaultConfigurationIsVisible = 0;
			defaultConfigurationName = Release;
		};
		1D586EAE14975EB9004A5E92 /* Build configuration list for PBXNativeTarget "iSomUPCTests" */ = {
			isa = XCConfigurationList;
			buildConfigurations = (
				1D586EAF14975EB9004A5E92 /* Debug */,
				1D586EB014975EB9004A5E92 /* Release */,
			);
			defaultConfigurationIsVisible = 0;
			defaultConfigurationName = Release;
		};
/* End XCConfigurationList section */
	};
	rootObject = 1D586E6114975EB8004A5E92 /* Project object */;
}
